
Microsoft Visual Studio Solution File, Format Version 12.00
# Visual Studio Version 17
VisualStudioVersion = 17.6.33829.357
MinimumVisualStudioVersion = 10.0.40219.1
Project("{FAE04EC0-301F-11D3-BF4B-00C04F79EFBC}") = "ExceptionHandling", "ExceptionHandling\ExceptionHandling.csproj", "{84E4D985-425C-40D4-80EA-A77B77F006D8}"
EndProject
Global
	GlobalSection(SolutionConfigurationPlatforms) = preSolution
		Debug|Any CPU = Debug|Any CPU
		Release|Any CPU = Release|Any CPU
	EndGlobalSection
	GlobalSection(ProjectConfigurationPlatforms) = postSolution
		{84E4D985-425C-40D4-80EA-A77B77F006D8}.Debug|Any CPU.ActiveCfg = Debug|Any CPU
		{84E4D985-425C-40D4-80EA-A77B77F006D8}.Debug|Any CPU.Build.0 = Debug|Any CPU
		{84E4D985-425C-40D4-80EA-A77B77F006D8}.Release|Any CPU.ActiveCfg = Release|Any CPU
		{84E4D985-425C-40D4-80EA-A77B77F006D8}.Release|Any CPU.Build.0 = Release|Any CPU
	EndGlobalSection
	GlobalSection(SolutionProperties) = preSolution
		HideSolutionNode = FALSE
	EndGlobalSection
	GlobalSection(ExtensibilityGlobals) = postSolution
		SolutionGuid = {706A2396-25FE-440D-B9D8-129FB61AD104}
	EndGlobalSection
EndGlobal
